
Microsoft Visual Studio Solution File, Format Version 12.00
# Visual Studio Version 17
VisualStudioVersion = 17.2.32526.322
MinimumVisualStudioVersion = 10.0.40219.1
Project("{FAE04EC0-301F-11D3-BF4B-00C04F79EFBC}") = "DemoCorsoMattina.Android", "DemoCorsoMattina\DemoCorsoMattina.Android\DemoCorsoMattina.Android.csproj", "{8701BC34-9BF4-4481-BA8D-D28AEFDD3AD1}"
EndProject
Project("{FAE04EC0-301F-11D3-BF4B-00C04F79EFBC}") = "DemoCorsoMattina.iOS", "DemoCorsoMattina\DemoCorsoMattina.iOS\DemoCorsoMattina.iOS.csproj", "{EE39C6EC-A8A6-4710-9256-F0DDC48CA6D0}"
EndProject
Project("{FAE04EC0-301F-11D3-BF4B-00C04F79EFBC}") = "DemoCorsoMattina", "DemoCorsoMattina\DemoCorsoMattina\DemoCorsoMattina.csproj", "{E8976BA5-2F25-4A76-8252-12893E93B008}"
EndProject
Global
	GlobalSection(SolutionConfigurationPlatforms) = preSolution
		Debug|Any CPU = Debug|Any CPU
		Debug|iPhone = Debug|iPhone
		Debug|iPhoneSimulator = Debug|iPhoneSimulator
		Release|Any CPU = Release|Any CPU
		Release|iPhone = Release|iPhone
		Release|iPhoneSimulator = Release|iPhoneSimulator
	EndGlobalSection
	GlobalSection(ProjectConfigurationPlatforms) = postSolution
		{8701BC34-9BF4-4481-BA8D-D28AEFDD3AD1}.Debug|Any CPU.ActiveCfg = Debug|Any CPU
		{8701BC34-9BF4-4481-BA8D-D28AEFDD3AD1}.Debug|Any CPU.Build.0 = Debug|Any CPU
		{8701BC34-9BF4-4481-BA8D-D28AEFDD3AD1}.Debug|Any CPU.Deploy.0 = Debug|Any CPU
		{8701BC34-9BF4-4481-BA8D-D28AEFDD3AD1}.Debug|iPhone.ActiveCfg = Debug|Any CPU
		{8701BC34-9BF4-4481-BA8D-D28AEFDD3AD1}.Debug|iPhone.Build.0 = Debug|Any CPU
		{8701BC34-9BF4-4481-BA8D-D28AEFDD3AD1}.Debug|iPhone.Deploy.0 = Debug|Any CPU
		{8701BC34-9BF4-4481-BA8D-D28AEFDD3AD1}.Debug|iPhoneSimulator.ActiveCfg = Debug|Any CPU
		{8701BC34-9BF4-4481-BA8D-D28AEFDD3AD1}.Debug|iPhoneSimulator.Build.0 = Debug|Any CPU
		{8701BC34-9BF4-4481-BA8D-D28AEFDD3AD1}.Debug|iPhoneSimulator.Deploy.0 = Debug|Any CPU
		{8701BC34-9BF4-4481-BA8D-D28AEFDD3AD1}.Release|Any CPU.ActiveCfg = Release|Any CPU
		{8701BC34-9BF4-4481-BA8D-D28AEFDD3AD1}.Release|Any CPU.Build.0 = Release|Any CPU
		{8701BC34-9BF4-4481-BA8D-D28AEFDD3AD1}.Release|Any CPU.Deploy.0 = Release|Any CPU
		{8701BC34-9BF4-4481-BA8D-D28AEFDD3AD1}.Release|iPhone.ActiveCfg = Release|Any CPU
		{8701BC34-9BF4-4481-BA8D-D28AEFDD3AD1}.Release|iPhone.Build.0 = Release|Any CPU
		{8701BC34-9BF4-4481-BA8D-D28AEFDD3AD1}.Release|iPhone.Deploy.0 = Release|Any CPU
		{8701BC34-9BF4-4481-BA8D-D28AEFDD3AD1}.Release|iPhoneSimulator.ActiveCfg = Release|Any CPU
		{8701BC34-9BF4-4481-BA8D-D28AEFDD3AD1}.Release|iPhoneSimulator.Build.0 = Release|Any CPU
		{8701BC34-9BF4-4481-BA8D-D28AEFDD3AD1}.Release|iPhoneSimulator.Deploy.0 = Release|Any CPU
		{EE39C6EC-A8A6-4710-9256-F0DDC48CA6D0}.Debug|Any CPU.ActiveCfg = Debug|iPhone
		{EE39C6EC-A8A6-4710-9256-F0DDC48CA6D0}.Debug|Any CPU.Build.0 = Debug|iPhone
		{EE39C6EC-A8A6-4710-9256-F0DDC48CA6D0}.Debug|Any CPU.Deploy.0 = Debug|iPhone
		{EE39C6EC-A8A6-4710-9256-F0DDC48CA6D0}.Debug|iPhone.ActiveCfg = Debug|iPhone
		{EE39C6EC-A8A6-4710-9256-F0DDC48CA6D0}.Debug|iPhone.Build.0 = Debug|iPhone
		{EE39C6EC-A8A6-4710-9256-F0DDC48CA6D0}.Debug|iPhone.Deploy.0 = Debug|iPhone
		{EE39C6EC-A8A6-4710-9256-F0DDC48CA6D0}.Debug|iPhoneSimulator.ActiveCfg = Debug|iPhoneSimulator
		{EE39C6EC-A8A6-4710-9256-F0DDC48CA6D0}.Debug|iPhoneSimulator.Build.0 = Debug|iPhoneSimulator
		{EE39C6EC-A8A6-4710-9256-F0DDC48CA6D0}.Debug|iPhoneSimulator.Deploy.0 = Debug|iPhoneSimulator
		{EE39C6EC-A8A6-4710-9256-F0DDC48CA6D0}.Release|Any CPU.ActiveCfg = Release|iPhoneSimulator
		{EE39C6EC-A8A6-4710-9256-F0DDC48CA6D0}.Release|Any CPU.Build.0 = Release|iPhoneSimulator
		{EE39C6EC-A8A6-4710-9256-F0DDC48CA6D0}.Release|Any CPU.Deploy.0 = Release|iPhoneSimulator
		{EE39C6EC-A8A6-4710-9256-F0DDC48CA6D0}.Release|iPhone.ActiveCfg = Release|iPhone
		{EE39C6EC-A8A6-4710-9256-F0DDC48CA6D0}.Release|iPhone.Build.0 = Release|iPhone
		{EE39C6EC-A8A6-4710-9256-F0DDC48CA6D0}.Release|iPhone.Deploy.0 = Release|iPhone
		{EE39C6EC-A8A6-4710-9256-F0DDC48CA6D0}.Release|iPhoneSimulator.ActiveCfg = Release|iPhoneSimulator
		{EE39C6EC-A8A6-4710-9256-F0DDC48CA6D0}.Release|iPhoneSimulator.Build.0 = Release|iPhoneSimulator
		{EE39C6EC-A8A6-4710-9256-F0DDC48CA6D0}.Release|iPhoneSimulator.Deploy.0 = Release|iPhoneSimulator
		{E8976BA5-2F25-4A76-8252-12893E93B008}.Debug|Any CPU.ActiveCfg = Debug|Any CPU
		{E8976BA5-2F25-4A76-8252-12893E93B008}.Debug|Any CPU.Build.0 = Debug|Any CPU
		{E8976BA5-2F25-4A76-8252-12893E93B008}.Debug|Any CPU.Deploy.0 = Debug|Any CPU
		{E8976BA5-2F25-4A76-8252-12893E93B008}.Debug|iPhone.ActiveCfg = Debug|Any CPU
		{E8976BA5-2F25-4A76-8252-12893E93B008}.Debug|iPhone.Build.0 = Debug|Any CPU
		{E8976BA5-2F25-4A76-8252-12893E93B008}.Debug|iPhone.Deploy.0 = Debug|Any CPU
		{E8976BA5-2F25-4A76-8252-12893E93B008}.Debug|iPhoneSimulator.ActiveCfg = Debug|Any CPU
		{E8976BA5-2F25-4A76-8252-12893E93B008}.Debug|iPhoneSimulator.Build.0 = Debug|Any CPU
		{E8976BA5-2F25-4A76-8252-12893E93B008}.Debug|iPhoneSimulator.Deploy.0 = Debug|Any CPU
		{E8976BA5-2F25-4A76-8252-12893E93B008}.Release|Any CPU.ActiveCfg = Release|Any CPU
		{E8976BA5-2F25-4A76-8252-12893E93B008}.Release|Any CPU.Build.0 = Release|Any CPU
		{E8976BA5-2F25-4A76-8252-12893E93B008}.Release|Any CPU.Deploy.0 = Release|Any CPU
		{E8976BA5-2F25-4A76-8252-12893E93B008}.Release|iPhone.ActiveCfg = Release|Any CPU
		{E8976BA5-2F25-4A76-8252-12893E93B008}.Release|iPhone.Build.0 = Release|Any CPU
		{E8976BA5-2F25-4A76-8252-12893E93B008}.Release|iPhone.Deploy.0 = Release|Any CPU
		{E8976BA5-2F25-4A76-8252-12893E93B008}.Release|iPhoneSimulator.ActiveCfg = Release|Any CPU
		{E8976BA5-2F25-4A76-8252-12893E93B008}.Release|iPhoneSimulator.Build.0 = Release|Any CPU
		{E8976BA5-2F25-4A76-8252-12893E93B008}.Release|iPhoneSimulator.Deploy.0 = Release|Any CPU
	EndGlobalSection
	GlobalSection(SolutionProperties) = preSolution
		HideSolutionNode = FALSE
	EndGlobalSection
	GlobalSection(ExtensibilityGlobals) = postSolution
		SolutionGuid = {6DA90610-C674-4AAF-A499-7D246913A9C8}
	EndGlobalSection
EndGlobal
